
Microsoft Visual Studio Solution File, Format Version 12.00
# Visual Studio Version 17
VisualStudioVersion = 17.9.34701.34
MinimumVisualStudioVersion = 10.0.40219.1
Project("{2150E333-8FDC-42A3-9474-1A3956D46DE8}") = "Solution Items", "Solution Items", "{1489EA4A-3912-41D6-8655-597D224EEF6E}"
	ProjectSection(SolutionItems) = preProject
		.editorconfig = .editorconfig
		Directory.Build.props = Directory.Build.props
	EndProjectSection
EndProject
Project("{2150E333-8FDC-42A3-9474-1A3956D46DE8}") = "src", "src", "{B2DACA48-4335-4C4E-B890-1B96BEA9DAC6}"
	ProjectSection(SolutionItems) = preProject
		README.txt = README.txt
	EndProjectSection
EndProject
Project("{2150E333-8FDC-42A3-9474-1A3956D46DE8}") = "API", "API", "{FB742633-A63E-422B-8EF3-B168E8DC07E8}"
EndProject
Project("{2150E333-8FDC-42A3-9474-1A3956D46DE8}") = "Modules", "Modules", "{A1AC4679-C096-44E4-8492-0D3C8648B7F1}"
EndProject
Project("{2150E333-8FDC-42A3-9474-1A3956D46DE8}") = "Events", "Events", "{CA188C77-724D-48C0-8D8D-D69C584FE52E}"
EndProject
Project("{FAE04EC0-301F-11D3-BF4B-00C04F79EFBC}") = "Evently.Api", "src\API\Evently.Api\Evently.Api.csproj", "{0DCD142F-7F51-47ED-B936-2997652BD880}"
EndProject
Project("{E53339B2-1760-4266-BCC7-CA923CBCF16C}") = "docker-compose", "docker-compose.dcproj", "{1B2BECCC-DACE-4B71-A00D-A546710EE958}"
EndProject
Project("{FAE04EC0-301F-11D3-BF4B-00C04F79EFBC}") = "Evently.Modules.Events.Domain", "src\Modules\Events\Evently.Modules.Events.Domain\Evently.Modules.Events.Domain.csproj", "{F38886A9-5604-4817-A950-471655CFD422}"
EndProject
Project("{FAE04EC0-301F-11D3-BF4B-00C04F79EFBC}") = "Evently.Modules.Events.Application", "src\Modules\Events\Evently.Modules.Events.Application\Evently.Modules.Events.Application.csproj", "{DF18552E-C93E-402B-BDD2-539453F8FB51}"
EndProject
Project("{FAE04EC0-301F-11D3-BF4B-00C04F79EFBC}") = "Evently.Modules.Events.Infrastructure", "src\Modules\Events\Evently.Modules.Events.Infrastructure\Evently.Modules.Events.Infrastructure.csproj", "{570672A9-7C14-4C54-8648-A668CA824A4E}"
EndProject
Project("{FAE04EC0-301F-11D3-BF4B-00C04F79EFBC}") = "Evently.Modules.Events.Presentation", "src\Modules\Events\Evently.Modules.Events.Presentation\Evently.Modules.Events.Presentation.csproj", "{A820396E-3E7D-4B59-B6A6-2E1A296803C7}"
EndProject
Project("{2150E333-8FDC-42A3-9474-1A3956D46DE8}") = "Common", "Common", "{FBC892B9-5F34-413A-BF07-302D80796BE4}"
EndProject
Project("{FAE04EC0-301F-11D3-BF4B-00C04F79EFBC}") = "Evently.Common.Application", "src\Common\Evently.Common.Application\Evently.Common.Application.csproj", "{39B97400-E51F-48D6-9253-0A70A70F2DDC}"
EndProject
Project("{FAE04EC0-301F-11D3-BF4B-00C04F79EFBC}") = "Evently.Common.Domain", "src\Common\Evently.Common.Domain\Evently.Common.Domain.csproj", "{F9C94913-8FC7-4F20-A016-A1A6692AFA1B}"
EndProject
Project("{FAE04EC0-301F-11D3-BF4B-00C04F79EFBC}") = "Evently.Common.Infrastructure", "src\Common\Evently.Common.Infrastructure\Evently.Common.Infrastructure.csproj", "{10E763D4-66BE-43DF-93FF-35A9D173041E}"
EndProject
Project("{FAE04EC0-301F-11D3-BF4B-00C04F79EFBC}") = "Evently.Common.Presentation", "src\Common\Evently.Common.Presentation\Evently.Common.Presentation.csproj", "{B3847306-BD99-4ADD-A6BD-C7137AE84A1F}"
EndProject
Project("{2150E333-8FDC-42A3-9474-1A3956D46DE8}") = "Users", "Users", "{BDB426D0-E303-4F85-9D37-E986D48F1BC5}"
EndProject
Project("{FAE04EC0-301F-11D3-BF4B-00C04F79EFBC}") = "Evently.Modules.Users.Application", "src\Modules\Users\Evently.Modules.Users.Application\Evently.Modules.Users.Application.csproj", "{AA1167C1-9405-4BC8-8FBA-7CB6768D0EBC}"
EndProject
Project("{FAE04EC0-301F-11D3-BF4B-00C04F79EFBC}") = "Evently.Modules.Users.Domain", "src\Modules\Users\Evently.Modules.Users.Domain\Evently.Modules.Users.Domain.csproj", "{C5CB4FBC-009C-49E9-9DA4-024881D2C9D2}"
EndProject
Project("{FAE04EC0-301F-11D3-BF4B-00C04F79EFBC}") = "Evently.Modules.Users.Presentation", "src\Modules\Users\Evently.Modules.Users.Presentation\Evently.Modules.Users.Presentation.csproj", "{1B8F5F53-6B63-43CF-9AAF-3E2E263AC693}"
EndProject
Project("{FAE04EC0-301F-11D3-BF4B-00C04F79EFBC}") = "Evently.Modules.Users.Infrastructure", "src\Modules\Users\Evently.Modules.Users.Infrastructure\Evently.Modules.Users.Infrastructure.csproj", "{B55AA2E3-C02E-4445-8D05-BDE49E991736}"
EndProject
Project("{2150E333-8FDC-42A3-9474-1A3956D46DE8}") = "Ticketing", "Ticketing", "{A05C232B-CAE8-4328-8B55-D680DD579632}"
EndProject
Project("{FAE04EC0-301F-11D3-BF4B-00C04F79EFBC}") = "Evently.Modules.Ticketing.Application", "src\Modules\Ticketing\Evently.Modules.Ticketing.Application\Evently.Modules.Ticketing.Application.csproj", "{1FD3C7A4-6E54-40CE-91EB-AE165A7E0A7C}"
EndProject
Project("{FAE04EC0-301F-11D3-BF4B-00C04F79EFBC}") = "Evently.Modules.Ticketing.Domain", "src\Modules\Ticketing\Evently.Modules.Ticketing.Domain\Evently.Modules.Ticketing.Domain.csproj", "{0680FABA-3355-4000-A37B-E75A23F213A8}"
EndProject
Project("{FAE04EC0-301F-11D3-BF4B-00C04F79EFBC}") = "Evently.Modules.Ticketing.Infrastructure", "src\Modules\Ticketing\Evently.Modules.Ticketing.Infrastructure\Evently.Modules.Ticketing.Infrastructure.csproj", "{5ADA909D-1EA4-4E57-9E42-175973AEBE9E}"
EndProject
Project("{FAE04EC0-301F-11D3-BF4B-00C04F79EFBC}") = "Evently.Modules.Ticketing.Presentation", "src\Modules\Ticketing\Evently.Modules.Ticketing.Presentation\Evently.Modules.Ticketing.Presentation.csproj", "{C0B41E14-6B5A-4488-9C3C-E415EFCF55AB}"
EndProject
Project("{FAE04EC0-301F-11D3-BF4B-00C04F79EFBC}") = "Evently.Modules.Users.PublicApi", "src\Modules\Users\Evently.Modules.Users.PublicApi\Evently.Modules.Users.PublicApi.csproj", "{361B51B8-B2B6-4280-B1F9-EF364EA66DE3}"
EndProject
Project("{FAE04EC0-301F-11D3-BF4B-00C04F79EFBC}") = "Evently.Modules.Events.PublicApi", "src\Modules\Events\Evently.Modules.Events.PublicApi\Evently.Modules.Events.PublicApi.csproj", "{3F2CBD74-17AD-4511-A7DF-4C239CAE26A4}"
EndProject
Project("{FAE04EC0-301F-11D3-BF4B-00C04F79EFBC}") = "Evently.Modules.Ticketing.PublicApi", "src\Modules\Ticketing\Evently.Modules.Ticketing.PublicApi\Evently.Modules.Ticketing.PublicApi.csproj", "{DD6D7A31-EFA8-40D7-96FF-C5C06248D4A3}"
EndProject
Global
	GlobalSection(SolutionConfigurationPlatforms) = preSolution
		Debug|Any CPU = Debug|Any CPU
		Release|Any CPU = Release|Any CPU
	EndGlobalSection
	GlobalSection(ProjectConfigurationPlatforms) = postSolution
		{0DCD142F-7F51-47ED-B936-2997652BD880}.Debug|Any CPU.ActiveCfg = Debug|Any CPU
		{0DCD142F-7F51-47ED-B936-2997652BD880}.Debug|Any CPU.Build.0 = Debug|Any CPU
		{0DCD142F-7F51-47ED-B936-2997652BD880}.Release|Any CPU.ActiveCfg = Release|Any CPU
		{0DCD142F-7F51-47ED-B936-2997652BD880}.Release|Any CPU.Build.0 = Release|Any CPU
		{1B2BECCC-DACE-4B71-A00D-A546710EE958}.Debug|Any CPU.ActiveCfg = Debug|Any CPU
		{1B2BECCC-DACE-4B71-A00D-A546710EE958}.Debug|Any CPU.Build.0 = Debug|Any CPU
		{1B2BECCC-DACE-4B71-A00D-A546710EE958}.Release|Any CPU.ActiveCfg = Release|Any CPU
		{1B2BECCC-DACE-4B71-A00D-A546710EE958}.Release|Any CPU.Build.0 = Release|Any CPU
		{F38886A9-5604-4817-A950-471655CFD422}.Debug|Any CPU.ActiveCfg = Debug|Any CPU
		{F38886A9-5604-4817-A950-471655CFD422}.Debug|Any CPU.Build.0 = Debug|Any CPU
		{F38886A9-5604-4817-A950-471655CFD422}.Release|Any CPU.ActiveCfg = Release|Any CPU
		{F38886A9-5604-4817-A950-471655CFD422}.Release|Any CPU.Build.0 = Release|Any CPU
		{DF18552E-C93E-402B-BDD2-539453F8FB51}.Debug|Any CPU.ActiveCfg = Debug|Any CPU
		{DF18552E-C93E-402B-BDD2-539453F8FB51}.Debug|Any CPU.Build.0 = Debug|Any CPU
		{DF18552E-C93E-402B-BDD2-539453F8FB51}.Release|Any CPU.ActiveCfg = Release|Any CPU
		{DF18552E-C93E-402B-BDD2-539453F8FB51}.Release|Any CPU.Build.0 = Release|Any CPU
		{570672A9-7C14-4C54-8648-A668CA824A4E}.Debug|Any CPU.ActiveCfg = Debug|Any CPU
		{570672A9-7C14-4C54-8648-A668CA824A4E}.Debug|Any CPU.Build.0 = Debug|Any CPU
		{570672A9-7C14-4C54-8648-A668CA824A4E}.Release|Any CPU.ActiveCfg = Release|Any CPU
		{570672A9-7C14-4C54-8648-A668CA824A4E}.Release|Any CPU.Build.0 = Release|Any CPU
		{A820396E-3E7D-4B59-B6A6-2E1A296803C7}.Debug|Any CPU.ActiveCfg = Debug|Any CPU
		{A820396E-3E7D-4B59-B6A6-2E1A296803C7}.Debug|Any CPU.Build.0 = Debug|Any CPU
		{A820396E-3E7D-4B59-B6A6-2E1A296803C7}.Release|Any CPU.ActiveCfg = Release|Any CPU
		{A820396E-3E7D-4B59-B6A6-2E1A296803C7}.Release|Any CPU.Build.0 = Release|Any CPU
		{39B97400-E51F-48D6-9253-0A70A70F2DDC}.Debug|Any CPU.ActiveCfg = Debug|Any CPU
		{39B97400-E51F-48D6-9253-0A70A70F2DDC}.Debug|Any CPU.Build.0 = Debug|Any CPU
		{39B97400-E51F-48D6-9253-0A70A70F2DDC}.Release|Any CPU.ActiveCfg = Release|Any CPU
		{39B97400-E51F-48D6-9253-0A70A70F2DDC}.Release|Any CPU.Build.0 = Release|Any CPU
		{F9C94913-8FC7-4F20-A016-A1A6692AFA1B}.Debug|Any CPU.ActiveCfg = Debug|Any CPU
		{F9C94913-8FC7-4F20-A016-A1A6692AFA1B}.Debug|Any CPU.Build.0 = Debug|Any CPU
		{F9C94913-8FC7-4F20-A016-A1A6692AFA1B}.Release|Any CPU.ActiveCfg = Release|Any CPU
		{F9C94913-8FC7-4F20-A016-A1A6692AFA1B}.Release|Any CPU.Build.0 = Release|Any CPU
		{10E763D4-66BE-43DF-93FF-35A9D173041E}.Debug|Any CPU.ActiveCfg = Debug|Any CPU
		{10E763D4-66BE-43DF-93FF-35A9D173041E}.Debug|Any CPU.Build.0 = Debug|Any CPU
		{10E763D4-66BE-43DF-93FF-35A9D173041E}.Release|Any CPU.ActiveCfg = Release|Any CPU
		{10E763D4-66BE-43DF-93FF-35A9D173041E}.Release|Any CPU.Build.0 = Release|Any CPU
		{B3847306-BD99-4ADD-A6BD-C7137AE84A1F}.Debug|Any CPU.ActiveCfg = Debug|Any CPU
		{B3847306-BD99-4ADD-A6BD-C7137AE84A1F}.Debug|Any CPU.Build.0 = Debug|Any CPU
		{B3847306-BD99-4ADD-A6BD-C7137AE84A1F}.Release|Any CPU.ActiveCfg = Release|Any CPU
		{B3847306-BD99-4ADD-A6BD-C7137AE84A1F}.Release|Any CPU.Build.0 = Release|Any CPU
		{AA1167C1-9405-4BC8-8FBA-7CB6768D0EBC}.Debug|Any CPU.ActiveCfg = Debug|Any CPU
		{AA1167C1-9405-4BC8-8FBA-7CB6768D0EBC}.Debug|Any CPU.Build.0 = Debug|Any CPU
		{AA1167C1-9405-4BC8-8FBA-7CB6768D0EBC}.Release|Any CPU.ActiveCfg = Release|Any CPU
		{AA1167C1-9405-4BC8-8FBA-7CB6768D0EBC}.Release|Any CPU.Build.0 = Release|Any CPU
		{C5CB4FBC-009C-49E9-9DA4-024881D2C9D2}.Debug|Any CPU.ActiveCfg = Debug|Any CPU
		{C5CB4FBC-009C-49E9-9DA4-024881D2C9D2}.Debug|Any CPU.Build.0 = Debug|Any CPU
		{C5CB4FBC-009C-49E9-9DA4-024881D2C9D2}.Release|Any CPU.ActiveCfg = Release|Any CPU
		{C5CB4FBC-009C-49E9-9DA4-024881D2C9D2}.Release|Any CPU.Build.0 = Release|Any CPU
		{1B8F5F53-6B63-43CF-9AAF-3E2E263AC693}.Debug|Any CPU.ActiveCfg = Debug|Any CPU
		{1B8F5F53-6B63-43CF-9AAF-3E2E263AC693}.Debug|Any CPU.Build.0 = Debug|Any CPU
		{1B8F5F53-6B63-43CF-9AAF-3E2E263AC693}.Release|Any CPU.ActiveCfg = Release|Any CPU
		{1B8F5F53-6B63-43CF-9AAF-3E2E263AC693}.Release|Any CPU.Build.0 = Release|Any CPU
		{B55AA2E3-C02E-4445-8D05-BDE49E991736}.Debug|Any CPU.ActiveCfg = Debug|Any CPU
		{B55AA2E3-C02E-4445-8D05-BDE49E991736}.Debug|Any CPU.Build.0 = Debug|Any CPU
		{B55AA2E3-C02E-4445-8D05-BDE49E991736}.Release|Any CPU.ActiveCfg = Release|Any CPU
		{B55AA2E3-C02E-4445-8D05-BDE49E991736}.Release|Any CPU.Build.0 = Release|Any CPU
		{1FD3C7A4-6E54-40CE-91EB-AE165A7E0A7C}.Debug|Any CPU.ActiveCfg = Debug|Any CPU
		{1FD3C7A4-6E54-40CE-91EB-AE165A7E0A7C}.Debug|Any CPU.Build.0 = Debug|Any CPU
		{1FD3C7A4-6E54-40CE-91EB-AE165A7E0A7C}.Release|Any CPU.ActiveCfg = Release|Any CPU
		{1FD3C7A4-6E54-40CE-91EB-AE165A7E0A7C}.Release|Any CPU.Build.0 = Release|Any CPU
		{0680FABA-3355-4000-A37B-E75A23F213A8}.Debug|Any CPU.ActiveCfg = Debug|Any CPU
		{0680FABA-3355-4000-A37B-E75A23F213A8}.Debug|Any CPU.Build.0 = Debug|Any CPU
		{0680FABA-3355-4000-A37B-E75A23F213A8}.Release|Any CPU.ActiveCfg = Release|Any CPU
		{0680FABA-3355-4000-A37B-E75A23F213A8}.Release|Any CPU.Build.0 = Release|Any CPU
		{5ADA909D-1EA4-4E57-9E42-175973AEBE9E}.Debug|Any CPU.ActiveCfg = Debug|Any CPU
		{5ADA909D-1EA4-4E57-9E42-175973AEBE9E}.Debug|Any CPU.Build.0 = Debug|Any CPU
		{5ADA909D-1EA4-4E57-9E42-175973AEBE9E}.Release|Any CPU.ActiveCfg = Release|Any CPU
		{5ADA909D-1EA4-4E57-9E42-175973AEBE9E}.Release|Any CPU.Build.0 = Release|Any CPU
		{C0B41E14-6B5A-4488-9C3C-E415EFCF55AB}.Debug|Any CPU.ActiveCfg = Debug|Any CPU
		{C0B41E14-6B5A-4488-9C3C-E415EFCF55AB}.Debug|Any CPU.Build.0 = Debug|Any CPU
		{C0B41E14-6B5A-4488-9C3C-E415EFCF55AB}.Release|Any CPU.ActiveCfg = Release|Any CPU
		{C0B41E14-6B5A-4488-9C3C-E415EFCF55AB}.Release|Any CPU.Build.0 = Release|Any CPU
		{361B51B8-B2B6-4280-B1F9-EF364EA66DE3}.Debug|Any CPU.ActiveCfg = Debug|Any CPU
		{361B51B8-B2B6-4280-B1F9-EF364EA66DE3}.Debug|Any CPU.Build.0 = Debug|Any CPU
		{361B51B8-B2B6-4280-B1F9-EF364EA66DE3}.Release|Any CPU.ActiveCfg = Release|Any CPU
		{361B51B8-B2B6-4280-B1F9-EF364EA66DE3}.Release|Any CPU.Build.0 = Release|Any CPU
		{3F2CBD74-17AD-4511-A7DF-4C239CAE26A4}.Debug|Any CPU.ActiveCfg = Debug|Any CPU
		{3F2CBD74-17AD-4511-A7DF-4C239CAE26A4}.Debug|Any CPU.Build.0 = Debug|Any CPU
		{3F2CBD74-17AD-4511-A7DF-4C239CAE26A4}.Release|Any CPU.ActiveCfg = Release|Any CPU
		{3F2CBD74-17AD-4511-A7DF-4C239CAE26A4}.Release|Any CPU.Build.0 = Release|Any CPU
		{DD6D7A31-EFA8-40D7-96FF-C5C06248D4A3}.Debug|Any CPU.ActiveCfg = Debug|Any CPU
		{DD6D7A31-EFA8-40D7-96FF-C5C06248D4A3}.Debug|Any CPU.Build.0 = Debug|Any CPU
		{DD6D7A31-EFA8-40D7-96FF-C5C06248D4A3}.Release|Any CPU.ActiveCfg = Release|Any CPU
		{DD6D7A31-EFA8-40D7-96FF-C5C06248D4A3}.Release|Any CPU.Build.0 = Release|Any CPU
	EndGlobalSection
	GlobalSection(SolutionProperties) = preSolution
		HideSolutionNode = FALSE
	EndGlobalSection
	GlobalSection(NestedProjects) = preSolution
		{FB742633-A63E-422B-8EF3-B168E8DC07E8} = {B2DACA48-4335-4C4E-B890-1B96BEA9DAC6}
		{A1AC4679-C096-44E4-8492-0D3C8648B7F1} = {B2DACA48-4335-4C4E-B890-1B96BEA9DAC6}
		{CA188C77-724D-48C0-8D8D-D69C584FE52E} = {A1AC4679-C096-44E4-8492-0D3C8648B7F1}
		{0DCD142F-7F51-47ED-B936-2997652BD880} = {FB742633-A63E-422B-8EF3-B168E8DC07E8}
		{F38886A9-5604-4817-A950-471655CFD422} = {CA188C77-724D-48C0-8D8D-D69C584FE52E}
		{DF18552E-C93E-402B-BDD2-539453F8FB51} = {CA188C77-724D-48C0-8D8D-D69C584FE52E}
		{570672A9-7C14-4C54-8648-A668CA824A4E} = {CA188C77-724D-48C0-8D8D-D69C584FE52E}
		{A820396E-3E7D-4B59-B6A6-2E1A296803C7} = {CA188C77-724D-48C0-8D8D-D69C584FE52E}
		{FBC892B9-5F34-413A-BF07-302D80796BE4} = {B2DACA48-4335-4C4E-B890-1B96BEA9DAC6}
		{39B97400-E51F-48D6-9253-0A70A70F2DDC} = {FBC892B9-5F34-413A-BF07-302D80796BE4}
		{F9C94913-8FC7-4F20-A016-A1A6692AFA1B} = {FBC892B9-5F34-413A-BF07-302D80796BE4}
		{10E763D4-66BE-43DF-93FF-35A9D173041E} = {FBC892B9-5F34-413A-BF07-302D80796BE4}
		{B3847306-BD99-4ADD-A6BD-C7137AE84A1F} = {FBC892B9-5F34-413A-BF07-302D80796BE4}
		{BDB426D0-E303-4F85-9D37-E986D48F1BC5} = {A1AC4679-C096-44E4-8492-0D3C8648B7F1}
		{AA1167C1-9405-4BC8-8FBA-7CB6768D0EBC} = {BDB426D0-E303-4F85-9D37-E986D48F1BC5}
		{C5CB4FBC-009C-49E9-9DA4-024881D2C9D2} = {BDB426D0-E303-4F85-9D37-E986D48F1BC5}
		{1B8F5F53-6B63-43CF-9AAF-3E2E263AC693} = {BDB426D0-E303-4F85-9D37-E986D48F1BC5}
		{B55AA2E3-C02E-4445-8D05-BDE49E991736} = {BDB426D0-E303-4F85-9D37-E986D48F1BC5}
		{A05C232B-CAE8-4328-8B55-D680DD579632} = {A1AC4679-C096-44E4-8492-0D3C8648B7F1}
		{1FD3C7A4-6E54-40CE-91EB-AE165A7E0A7C} = {A05C232B-CAE8-4328-8B55-D680DD579632}
		{0680FABA-3355-4000-A37B-E75A23F213A8} = {A05C232B-CAE8-4328-8B55-D680DD579632}
		{5ADA909D-1EA4-4E57-9E42-175973AEBE9E} = {A05C232B-CAE8-4328-8B55-D680DD579632}
		{C0B41E14-6B5A-4488-9C3C-E415EFCF55AB} = {A05C232B-CAE8-4328-8B55-D680DD579632}
		{361B51B8-B2B6-4280-B1F9-EF364EA66DE3} = {BDB426D0-E303-4F85-9D37-E986D48F1BC5}
		{3F2CBD74-17AD-4511-A7DF-4C239CAE26A4} = {CA188C77-724D-48C0-8D8D-D69C584FE52E}
		{DD6D7A31-EFA8-40D7-96FF-C5C06248D4A3} = {A05C232B-CAE8-4328-8B55-D680DD579632}
	EndGlobalSection
	GlobalSection(ExtensibilityGlobals) = postSolution
		SolutionGuid = {1E42AE86-7F3C-45F4-A386-AB71CC4446CB}
	EndGlobalSection
EndGlobal
