
Microsoft Visual Studio Solution File, Format Version 12.00
# Visual Studio Version 17
VisualStudioVersion = 17.9.34701.34
MinimumVisualStudioVersion = 10.0.40219.1
Project("{2150E333-8FDC-42A3-9474-1A3956D46DE8}") = "Solution Items", "Solution Items", "{1489EA4A-3912-41D6-8655-597D224EEF6E}"
	ProjectSection(SolutionItems) = preProject
		.editorconfig = .editorconfig
		Directory.Build.props = Directory.Build.props
	EndProjectSection
EndProject
Project("{2150E333-8FDC-42A3-9474-1A3956D46DE8}") = "src", "src", "{B2DACA48-4335-4C4E-B890-1B96BEA9DAC6}"
	ProjectSection(SolutionItems) = preProject
		README.txt = README.txt
	EndProjectSection
EndProject
Project("{2150E333-8FDC-42A3-9474-1A3956D46DE8}") = "API", "API", "{FB742633-A63E-422B-8EF3-B168E8DC07E8}"
EndProject
Project("{2150E333-8FDC-42A3-9474-1A3956D46DE8}") = "Modules", "Modules", "{A1AC4679-C096-44E4-8492-0D3C8648B7F1}"
EndProject
Project("{2150E333-8FDC-42A3-9474-1A3956D46DE8}") = "Events", "Events", "{CA188C77-724D-48C0-8D8D-D69C584FE52E}"
EndProject
Project("{FAE04EC0-301F-11D3-BF4B-00C04F79EFBC}") = "Evently.Api", "src\API\Evently.Api\Evently.Api.csproj", "{0DCD142F-7F51-47ED-B936-2997652BD880}"
EndProject
Project("{E53339B2-1760-4266-BCC7-CA923CBCF16C}") = "docker-compose", "docker-compose.dcproj", "{1B2BECCC-DACE-4B71-A00D-A546710EE958}"
EndProject
Project("{FAE04EC0-301F-11D3-BF4B-00C04F79EFBC}") = "Evently.Modules.Events.Domain", "src\Modules\Events\Evently.Modules.Events.Domain\Evently.Modules.Events.Domain.csproj", "{F38886A9-5604-4817-A950-471655CFD422}"
EndProject
Project("{FAE04EC0-301F-11D3-BF4B-00C04F79EFBC}") = "Evently.Modules.Events.Application", "src\Modules\Events\Evently.Modules.Events.Application\Evently.Modules.Events.Application.csproj", "{DF18552E-C93E-402B-BDD2-539453F8FB51}"
EndProject
Project("{FAE04EC0-301F-11D3-BF4B-00C04F79EFBC}") = "Evently.Modules.Events.Infrastructure", "src\Modules\Events\Evently.Modules.Events.Infrastructure\Evently.Modules.Events.Infrastructure.csproj", "{570672A9-7C14-4C54-8648-A668CA824A4E}"
EndProject
Project("{FAE04EC0-301F-11D3-BF4B-00C04F79EFBC}") = "Evently.Modules.Events.Presentation", "src\Modules\Events\Evently.Modules.Events.Presentation\Evently.Modules.Events.Presentation.csproj", "{A820396E-3E7D-4B59-B6A6-2E1A296803C7}"
EndProject
Project("{2150E333-8FDC-42A3-9474-1A3956D46DE8}") = "Common", "Common", "{FBC892B9-5F34-413A-BF07-302D80796BE4}"
EndProject
Project("{FAE04EC0-301F-11D3-BF4B-00C04F79EFBC}") = "Evently.Common.Application", "src\Common\Evently.Common.Application\Evently.Common.Application.csproj", "{39B97400-E51F-48D6-9253-0A70A70F2DDC}"
EndProject
Project("{FAE04EC0-301F-11D3-BF4B-00C04F79EFBC}") = "Evently.Common.Domain", "src\Common\Evently.Common.Domain\Evently.Common.Domain.csproj", "{F9C94913-8FC7-4F20-A016-A1A6692AFA1B}"
EndProject
Project("{FAE04EC0-301F-11D3-BF4B-00C04F79EFBC}") = "Evently.Common.Infrastructure", "src\Common\Evently.Common.Infrastructure\Evently.Common.Infrastructure.csproj", "{10E763D4-66BE-43DF-93FF-35A9D173041E}"
EndProject
Project("{FAE04EC0-301F-11D3-BF4B-00C04F79EFBC}") = "Evently.Common.Presentation", "src\Common\Evently.Common.Presentation\Evently.Common.Presentation.csproj", "{B3847306-BD99-4ADD-A6BD-C7137AE84A1F}"
EndProject
Project("{2150E333-8FDC-42A3-9474-1A3956D46DE8}") = "Users", "Users", "{BDB426D0-E303-4F85-9D37-E986D48F1BC5}"
EndProject
Project("{FAE04EC0-301F-11D3-BF4B-00C04F79EFBC}") = "Evently.Modules.Users.Application", "src\Modules\Users\Evently.Modules.Users.Application\Evently.Modules.Users.Application.csproj", "{AA1167C1-9405-4BC8-8FBA-7CB6768D0EBC}"
EndProject
Project("{FAE04EC0-301F-11D3-BF4B-00C04F79EFBC}") = "Evently.Modules.Users.Domain", "src\Modules\Users\Evently.Modules.Users.Domain\Evently.Modules.Users.Domain.csproj", "{C5CB4FBC-009C-49E9-9DA4-024881D2C9D2}"
EndProject
Project("{FAE04EC0-301F-11D3-BF4B-00C04F79EFBC}") = "Evently.Modules.Users.Presentation", "src\Modules\Users\Evently.Modules.Users.Presentation\Evently.Modules.Users.Presentation.csproj", "{1B8F5F53-6B63-43CF-9AAF-3E2E263AC693}"
EndProject
Project("{FAE04EC0-301F-11D3-BF4B-00C04F79EFBC}") = "Evently.Modules.Users.Infrastructure", "src\Modules\Users\Evently.Modules.Users.Infrastructure\Evently.Modules.Users.Infrastructure.csproj", "{B55AA2E3-C02E-4445-8D05-BDE49E991736}"
EndProject
Project("{2150E333-8FDC-42A3-9474-1A3956D46DE8}") = "Ticketing", "Ticketing", "{A05C232B-CAE8-4328-8B55-D680DD579632}"
EndProject
Project("{FAE04EC0-301F-11D3-BF4B-00C04F79EFBC}") = "Evently.Modules.Ticketing.Application", "src\Modules\Ticketing\Evently.Modules.Ticketing.Application\Evently.Modules.Ticketing.Application.csproj", "{1FD3C7A4-6E54-40CE-91EB-AE165A7E0A7C}"
EndProject
Project("{FAE04EC0-301F-11D3-BF4B-00C04F79EFBC}") = "Evently.Modules.Ticketing.Domain", "src\Modules\Ticketing\Evently.Modules.Ticketing.Domain\Evently.Modules.Ticketing.Domain.csproj", "{0680FABA-3355-4000-A37B-E75A23F213A8}"
EndProject
Project("{FAE04EC0-301F-11D3-BF4B-00C04F79EFBC}") = "Evently.Modules.Ticketing.Infrastructure", "src\Modules\Ticketing\Evently.Modules.Ticketing.Infrastructure\Evently.Modules.Ticketing.Infrastructure.csproj", "{5ADA909D-1EA4-4E57-9E42-175973AEBE9E}"
EndProject
Project("{FAE04EC0-301F-11D3-BF4B-00C04F79EFBC}") = "Evently.Modules.Ticketing.Presentation", "src\Modules\Ticketing\Evently.Modules.Ticketing.Presentation\Evently.Modules.Ticketing.Presentation.csproj", "{C0B41E14-6B5A-4488-9C3C-E415EFCF55AB}"
EndProject
Project("{FAE04EC0-301F-11D3-BF4B-00C04F79EFBC}") = "Evently.Modules.Users.IntegrationEvents", "src\Modules\Users\Evently.Modules.Users.IntegrationEvents\Evently.Modules.Users.IntegrationEvents.csproj", "{BA35855C-A7CE-4D74-B59B-6E7855917B1E}"
EndProject
Project("{2150E333-8FDC-42A3-9474-1A3956D46DE8}") = "Attendance", "Attendance", "{8B194E0D-6CA4-4DC5-A80C-0157C76DC7B2}"
EndProject
Project("{FAE04EC0-301F-11D3-BF4B-00C04F79EFBC}") = "Evently.Modules.Attendance.Application", "src\Modules\Attendance\Evently.Modules.Attendance.Application\Evently.Modules.Attendance.Application.csproj", "{5ED97DF2-5D73-4C20-9B35-10DA5F67FD40}"
EndProject
Project("{FAE04EC0-301F-11D3-BF4B-00C04F79EFBC}") = "Evently.Modules.Attendance.Domain", "src\Modules\Attendance\Evently.Modules.Attendance.Domain\Evently.Modules.Attendance.Domain.csproj", "{5ADF7F45-E7D8-4CA9-A732-2D9232E598F7}"
EndProject
Project("{FAE04EC0-301F-11D3-BF4B-00C04F79EFBC}") = "Evently.Modules.Attendance.IntegrationEvents", "src\Modules\Attendance\Evently.Modules.Attendance.IntegrationEvents\Evently.Modules.Attendance.IntegrationEvents.csproj", "{6685115F-B407-4392-A6D0-375C102A0755}"
EndProject
Project("{FAE04EC0-301F-11D3-BF4B-00C04F79EFBC}") = "Evently.Modules.Attendance.Presentation", "src\Modules\Attendance\Evently.Modules.Attendance.Presentation\Evently.Modules.Attendance.Presentation.csproj", "{763D4A0B-0A35-43E5-8933-AB70BD8B83DB}"
EndProject
Project("{FAE04EC0-301F-11D3-BF4B-00C04F79EFBC}") = "Evently.Modules.Attendance.Infrastructure", "src\Modules\Attendance\Evently.Modules.Attendance.Infrastructure\Evently.Modules.Attendance.Infrastructure.csproj", "{794492C3-FD05-401D-AA25-CC5EB6124EA6}"
EndProject
Project("{FAE04EC0-301F-11D3-BF4B-00C04F79EFBC}") = "Evently.Modules.Events.IntegrationEvents", "src\Modules\Events\Evently.Modules.Events.IntegrationEvents\Evently.Modules.Events.IntegrationEvents.csproj", "{659B4719-BDBA-4CDA-AF7A-121E9EAA4488}"
EndProject
Project("{FAE04EC0-301F-11D3-BF4B-00C04F79EFBC}") = "Evently.Modules.Ticketing.IntegrationEvents", "src\Modules\Ticketing\Evently.Modules.Ticketing.IntegrationEvents\Evently.Modules.Ticketing.IntegrationEvents.csproj", "{F79F6C25-FC51-47CD-9BCE-BA0518F34692}"
EndProject
Project("{2150E333-8FDC-42A3-9474-1A3956D46DE8}") = "test", "test", "{60E1F3B8-2C83-4D67-9E2F-862B970A5CC3}"
EndProject
Project("{FAE04EC0-301F-11D3-BF4B-00C04F79EFBC}") = "Evently.ArchitectureTests", "test\Evently.ArchitectureTests\Evently.ArchitectureTests.csproj", "{BF7C629A-0BC0-4819-8C62-1FA5B26369F5}"
EndProject
Project("{2150E333-8FDC-42A3-9474-1A3956D46DE8}") = "test", "test", "{8D20FD43-EE8C-449C-921E-71BF4FD80701}"
EndProject
Project("{FAE04EC0-301F-11D3-BF4B-00C04F79EFBC}") = "Evently.Modules.Users.ArchitectureTests", "src\Modules\Users\test\Evently.Modules.Users.ArchitectureTests\Evently.Modules.Users.ArchitectureTests.csproj", "{DDE659F2-F5BB-488C-9538-91DDA3153594}"
EndProject
Project("{2150E333-8FDC-42A3-9474-1A3956D46DE8}") = "test", "test", "{6566793E-D9BD-41B4-B8B0-C1AFE7E6610B}"
EndProject
Project("{FAE04EC0-301F-11D3-BF4B-00C04F79EFBC}") = "Evently.Modules.Ticketing.ArchitectureTests", "src\Modules\Ticketing\Evently.Modules.Ticketing.ArchitectureTests\Evently.Modules.Ticketing.ArchitectureTests.csproj", "{AACD17D1-4008-4E22-8CAA-FF9D6DD56CE5}"
EndProject
Project("{2150E333-8FDC-42A3-9474-1A3956D46DE8}") = "test", "test", "{69DD9333-F1C3-427D-887F-DAC6A8912964}"
EndProject
Project("{FAE04EC0-301F-11D3-BF4B-00C04F79EFBC}") = "Evently.Modules.Events.ArchitectureTests", "src\Modules\Events\Evently.Modules.Events.ArchitectureTests\Evently.Modules.Events.ArchitectureTests.csproj", "{36C355AC-A700-4EC8-BD0B-6301E7A79862}"
EndProject
Project("{2150E333-8FDC-42A3-9474-1A3956D46DE8}") = "test", "test", "{E3F8257A-C2C4-4C46-A7D9-EA8137BF0045}"
EndProject
Project("{FAE04EC0-301F-11D3-BF4B-00C04F79EFBC}") = "Evently.Modules.Attendance.ArchitectureTests", "src\Modules\Attendance\Evently.Modules.Attendance.ArchitectureTests\Evently.Modules.Attendance.ArchitectureTests.csproj", "{F215B7F1-E63C-4189-8F2F-73A664C4CDF5}"
EndProject
Project("{FAE04EC0-301F-11D3-BF4B-00C04F79EFBC}") = "Evently.Modules.Events.UnitTests", "src\Modules\Events\Evently.Modules.Events.UnitTests\Evently.Modules.Events.UnitTests.csproj", "{072B3C8B-0EEA-42A0-8D40-54F0A380645F}"
EndProject
Project("{FAE04EC0-301F-11D3-BF4B-00C04F79EFBC}") = "Evently.Modules.Users.IntegrationTests", "src\Modules\Users\Evently.Modules.Users.IntegrationTests\Evently.Modules.Users.IntegrationTests.csproj", "{1D6C55C0-4AC2-4B35-9CE5-0B3C540F1CF9}"
EndProject
Project("{FAE04EC0-301F-11D3-BF4B-00C04F79EFBC}") = "Evently.IntegrationTests", "test\Evently.IntegrationTests\Evently.IntegrationTests.csproj", "{522F8427-905E-4407-B4D9-301F71FFAF57}"
EndProject
Project("{FAE04EC0-301F-11D3-BF4B-00C04F79EFBC}") = "Evently.Modules.Users.UnitTests", "src\Modules\Users\Evently.Modules.Users.UnitTests\Evently.Modules.Users.UnitTests.csproj", "{41598B9F-86B3-4929-8AAF-F5046ADB0CF4}"
EndProject
Project("{FAE04EC0-301F-11D3-BF4B-00C04F79EFBC}") = "Evently.Modules.Ticketing.IntegrationTests", "src\Modules\Ticketing\Evently.Modules.Ticketing.IntegrationTests\Evently.Modules.Ticketing.IntegrationTests.csproj", "{D9FE2C1E-A010-4F96-9535-3B6A30A9315F}"
EndProject
Project("{FAE04EC0-301F-11D3-BF4B-00C04F79EFBC}") = "Evently.Modules.Ticketing.UnitTests", "src\Modules\Ticketing\Evently.Modules.Ticketing.UnitTests\Evently.Modules.Ticketing.UnitTests.csproj", "{FF569D70-ADE1-4522-BE41-BAF3034E3289}"
EndProject
Project("{FAE04EC0-301F-11D3-BF4B-00C04F79EFBC}") = "Evently.Modules.Events.IntegrationTests", "src\Modules\Events\Evently.Modules.Events.IntegrationTests\Evently.Modules.Events.IntegrationTests.csproj", "{59BBB672-5DE6-46D9-AA30-C66A085BC2D0}"
EndProject
Project("{FAE04EC0-301F-11D3-BF4B-00C04F79EFBC}") = "Evently.Modules.Attendance.IntegrationTests", "src\Modules\Attendance\Evently.Modules.Attendance.IntegrationTests\Evently.Modules.Attendance.IntegrationTests.csproj", "{0C61D3F5-85E9-4300-BB2F-0B4A1105E74D}"
EndProject
Project("{FAE04EC0-301F-11D3-BF4B-00C04F79EFBC}") = "Evently.Modules.Attendance.UnitTests", "src\Modules\Attendance\Evently.Modules.Attendance.UnitTest\Evently.Modules.Attendance.UnitTests.csproj", "{9BEC9B02-4732-4D4D-8EAB-5EA3D26CC0C5}"
EndProject
Project("{FAE04EC0-301F-11D3-BF4B-00C04F79EFBC}") = "Evently.Gateway", "src\API\Evently.Gateway\Evently.Gateway.csproj", "{DEF588C2-D275-40F7-9BDB-44C624ECD75F}"
EndProject
Project("{FAE04EC0-301F-11D3-BF4B-00C04F79EFBC}") = "Evently.Ticketing.Api", "src\API\Evently.Ticketing.Api\Evently.Ticketing.Api.csproj", "{0F2AE179-901E-4D69-9F6B-7D2F10295D80}"
EndProject
Global
	GlobalSection(SolutionConfigurationPlatforms) = preSolution
		Debug|Any CPU = Debug|Any CPU
		Release|Any CPU = Release|Any CPU
	EndGlobalSection
	GlobalSection(ProjectConfigurationPlatforms) = postSolution
		{0DCD142F-7F51-47ED-B936-2997652BD880}.Debug|Any CPU.ActiveCfg = Debug|Any CPU
		{0DCD142F-7F51-47ED-B936-2997652BD880}.Debug|Any CPU.Build.0 = Debug|Any CPU
		{0DCD142F-7F51-47ED-B936-2997652BD880}.Release|Any CPU.ActiveCfg = Release|Any CPU
		{0DCD142F-7F51-47ED-B936-2997652BD880}.Release|Any CPU.Build.0 = Release|Any CPU
		{1B2BECCC-DACE-4B71-A00D-A546710EE958}.Debug|Any CPU.ActiveCfg = Debug|Any CPU
		{1B2BECCC-DACE-4B71-A00D-A546710EE958}.Debug|Any CPU.Build.0 = Debug|Any CPU
		{1B2BECCC-DACE-4B71-A00D-A546710EE958}.Release|Any CPU.ActiveCfg = Release|Any CPU
		{1B2BECCC-DACE-4B71-A00D-A546710EE958}.Release|Any CPU.Build.0 = Release|Any CPU
		{F38886A9-5604-4817-A950-471655CFD422}.Debug|Any CPU.ActiveCfg = Debug|Any CPU
		{F38886A9-5604-4817-A950-471655CFD422}.Debug|Any CPU.Build.0 = Debug|Any CPU
		{F38886A9-5604-4817-A950-471655CFD422}.Release|Any CPU.ActiveCfg = Release|Any CPU
		{F38886A9-5604-4817-A950-471655CFD422}.Release|Any CPU.Build.0 = Release|Any CPU
		{DF18552E-C93E-402B-BDD2-539453F8FB51}.Debug|Any CPU.ActiveCfg = Debug|Any CPU
		{DF18552E-C93E-402B-BDD2-539453F8FB51}.Debug|Any CPU.Build.0 = Debug|Any CPU
		{DF18552E-C93E-402B-BDD2-539453F8FB51}.Release|Any CPU.ActiveCfg = Release|Any CPU
		{DF18552E-C93E-402B-BDD2-539453F8FB51}.Release|Any CPU.Build.0 = Release|Any CPU
		{570672A9-7C14-4C54-8648-A668CA824A4E}.Debug|Any CPU.ActiveCfg = Debug|Any CPU
		{570672A9-7C14-4C54-8648-A668CA824A4E}.Debug|Any CPU.Build.0 = Debug|Any CPU
		{570672A9-7C14-4C54-8648-A668CA824A4E}.Release|Any CPU.ActiveCfg = Release|Any CPU
		{570672A9-7C14-4C54-8648-A668CA824A4E}.Release|Any CPU.Build.0 = Release|Any CPU
		{A820396E-3E7D-4B59-B6A6-2E1A296803C7}.Debug|Any CPU.ActiveCfg = Debug|Any CPU
		{A820396E-3E7D-4B59-B6A6-2E1A296803C7}.Debug|Any CPU.Build.0 = Debug|Any CPU
		{A820396E-3E7D-4B59-B6A6-2E1A296803C7}.Release|Any CPU.ActiveCfg = Release|Any CPU
		{A820396E-3E7D-4B59-B6A6-2E1A296803C7}.Release|Any CPU.Build.0 = Release|Any CPU
		{39B97400-E51F-48D6-9253-0A70A70F2DDC}.Debug|Any CPU.ActiveCfg = Debug|Any CPU
		{39B97400-E51F-48D6-9253-0A70A70F2DDC}.Debug|Any CPU.Build.0 = Debug|Any CPU
		{39B97400-E51F-48D6-9253-0A70A70F2DDC}.Release|Any CPU.ActiveCfg = Release|Any CPU
		{39B97400-E51F-48D6-9253-0A70A70F2DDC}.Release|Any CPU.Build.0 = Release|Any CPU
		{F9C94913-8FC7-4F20-A016-A1A6692AFA1B}.Debug|Any CPU.ActiveCfg = Debug|Any CPU
		{F9C94913-8FC7-4F20-A016-A1A6692AFA1B}.Debug|Any CPU.Build.0 = Debug|Any CPU
		{F9C94913-8FC7-4F20-A016-A1A6692AFA1B}.Release|Any CPU.ActiveCfg = Release|Any CPU
		{F9C94913-8FC7-4F20-A016-A1A6692AFA1B}.Release|Any CPU.Build.0 = Release|Any CPU
		{10E763D4-66BE-43DF-93FF-35A9D173041E}.Debug|Any CPU.ActiveCfg = Debug|Any CPU
		{10E763D4-66BE-43DF-93FF-35A9D173041E}.Debug|Any CPU.Build.0 = Debug|Any CPU
		{10E763D4-66BE-43DF-93FF-35A9D173041E}.Release|Any CPU.ActiveCfg = Release|Any CPU
		{10E763D4-66BE-43DF-93FF-35A9D173041E}.Release|Any CPU.Build.0 = Release|Any CPU
		{B3847306-BD99-4ADD-A6BD-C7137AE84A1F}.Debug|Any CPU.ActiveCfg = Debug|Any CPU
		{B3847306-BD99-4ADD-A6BD-C7137AE84A1F}.Debug|Any CPU.Build.0 = Debug|Any CPU
		{B3847306-BD99-4ADD-A6BD-C7137AE84A1F}.Release|Any CPU.ActiveCfg = Release|Any CPU
		{B3847306-BD99-4ADD-A6BD-C7137AE84A1F}.Release|Any CPU.Build.0 = Release|Any CPU
		{AA1167C1-9405-4BC8-8FBA-7CB6768D0EBC}.Debug|Any CPU.ActiveCfg = Debug|Any CPU
		{AA1167C1-9405-4BC8-8FBA-7CB6768D0EBC}.Debug|Any CPU.Build.0 = Debug|Any CPU
		{AA1167C1-9405-4BC8-8FBA-7CB6768D0EBC}.Release|Any CPU.ActiveCfg = Release|Any CPU
		{AA1167C1-9405-4BC8-8FBA-7CB6768D0EBC}.Release|Any CPU.Build.0 = Release|Any CPU
		{C5CB4FBC-009C-49E9-9DA4-024881D2C9D2}.Debug|Any CPU.ActiveCfg = Debug|Any CPU
		{C5CB4FBC-009C-49E9-9DA4-024881D2C9D2}.Debug|Any CPU.Build.0 = Debug|Any CPU
		{C5CB4FBC-009C-49E9-9DA4-024881D2C9D2}.Release|Any CPU.ActiveCfg = Release|Any CPU
		{C5CB4FBC-009C-49E9-9DA4-024881D2C9D2}.Release|Any CPU.Build.0 = Release|Any CPU
		{1B8F5F53-6B63-43CF-9AAF-3E2E263AC693}.Debug|Any CPU.ActiveCfg = Debug|Any CPU
		{1B8F5F53-6B63-43CF-9AAF-3E2E263AC693}.Debug|Any CPU.Build.0 = Debug|Any CPU
		{1B8F5F53-6B63-43CF-9AAF-3E2E263AC693}.Release|Any CPU.ActiveCfg = Release|Any CPU
		{1B8F5F53-6B63-43CF-9AAF-3E2E263AC693}.Release|Any CPU.Build.0 = Release|Any CPU
		{B55AA2E3-C02E-4445-8D05-BDE49E991736}.Debug|Any CPU.ActiveCfg = Debug|Any CPU
		{B55AA2E3-C02E-4445-8D05-BDE49E991736}.Debug|Any CPU.Build.0 = Debug|Any CPU
		{B55AA2E3-C02E-4445-8D05-BDE49E991736}.Release|Any CPU.ActiveCfg = Release|Any CPU
		{B55AA2E3-C02E-4445-8D05-BDE49E991736}.Release|Any CPU.Build.0 = Release|Any CPU
		{1FD3C7A4-6E54-40CE-91EB-AE165A7E0A7C}.Debug|Any CPU.ActiveCfg = Debug|Any CPU
		{1FD3C7A4-6E54-40CE-91EB-AE165A7E0A7C}.Debug|Any CPU.Build.0 = Debug|Any CPU
		{1FD3C7A4-6E54-40CE-91EB-AE165A7E0A7C}.Release|Any CPU.ActiveCfg = Release|Any CPU
		{1FD3C7A4-6E54-40CE-91EB-AE165A7E0A7C}.Release|Any CPU.Build.0 = Release|Any CPU
		{0680FABA-3355-4000-A37B-E75A23F213A8}.Debug|Any CPU.ActiveCfg = Debug|Any CPU
		{0680FABA-3355-4000-A37B-E75A23F213A8}.Debug|Any CPU.Build.0 = Debug|Any CPU
		{0680FABA-3355-4000-A37B-E75A23F213A8}.Release|Any CPU.ActiveCfg = Release|Any CPU
		{0680FABA-3355-4000-A37B-E75A23F213A8}.Release|Any CPU.Build.0 = Release|Any CPU
		{5ADA909D-1EA4-4E57-9E42-175973AEBE9E}.Debug|Any CPU.ActiveCfg = Debug|Any CPU
		{5ADA909D-1EA4-4E57-9E42-175973AEBE9E}.Debug|Any CPU.Build.0 = Debug|Any CPU
		{5ADA909D-1EA4-4E57-9E42-175973AEBE9E}.Release|Any CPU.ActiveCfg = Release|Any CPU
		{5ADA909D-1EA4-4E57-9E42-175973AEBE9E}.Release|Any CPU.Build.0 = Release|Any CPU
		{C0B41E14-6B5A-4488-9C3C-E415EFCF55AB}.Debug|Any CPU.ActiveCfg = Debug|Any CPU
		{C0B41E14-6B5A-4488-9C3C-E415EFCF55AB}.Debug|Any CPU.Build.0 = Debug|Any CPU
		{C0B41E14-6B5A-4488-9C3C-E415EFCF55AB}.Release|Any CPU.ActiveCfg = Release|Any CPU
		{C0B41E14-6B5A-4488-9C3C-E415EFCF55AB}.Release|Any CPU.Build.0 = Release|Any CPU
		{BA35855C-A7CE-4D74-B59B-6E7855917B1E}.Debug|Any CPU.ActiveCfg = Debug|Any CPU
		{BA35855C-A7CE-4D74-B59B-6E7855917B1E}.Debug|Any CPU.Build.0 = Debug|Any CPU
		{BA35855C-A7CE-4D74-B59B-6E7855917B1E}.Release|Any CPU.ActiveCfg = Release|Any CPU
		{BA35855C-A7CE-4D74-B59B-6E7855917B1E}.Release|Any CPU.Build.0 = Release|Any CPU
		{5ED97DF2-5D73-4C20-9B35-10DA5F67FD40}.Debug|Any CPU.ActiveCfg = Debug|Any CPU
		{5ED97DF2-5D73-4C20-9B35-10DA5F67FD40}.Debug|Any CPU.Build.0 = Debug|Any CPU
		{5ED97DF2-5D73-4C20-9B35-10DA5F67FD40}.Release|Any CPU.ActiveCfg = Release|Any CPU
		{5ED97DF2-5D73-4C20-9B35-10DA5F67FD40}.Release|Any CPU.Build.0 = Release|Any CPU
		{5ADF7F45-E7D8-4CA9-A732-2D9232E598F7}.Debug|Any CPU.ActiveCfg = Debug|Any CPU
		{5ADF7F45-E7D8-4CA9-A732-2D9232E598F7}.Debug|Any CPU.Build.0 = Debug|Any CPU
		{5ADF7F45-E7D8-4CA9-A732-2D9232E598F7}.Release|Any CPU.ActiveCfg = Release|Any CPU
		{5ADF7F45-E7D8-4CA9-A732-2D9232E598F7}.Release|Any CPU.Build.0 = Release|Any CPU
		{6685115F-B407-4392-A6D0-375C102A0755}.Debug|Any CPU.ActiveCfg = Debug|Any CPU
		{6685115F-B407-4392-A6D0-375C102A0755}.Debug|Any CPU.Build.0 = Debug|Any CPU
		{6685115F-B407-4392-A6D0-375C102A0755}.Release|Any CPU.ActiveCfg = Release|Any CPU
		{6685115F-B407-4392-A6D0-375C102A0755}.Release|Any CPU.Build.0 = Release|Any CPU
		{763D4A0B-0A35-43E5-8933-AB70BD8B83DB}.Debug|Any CPU.ActiveCfg = Debug|Any CPU
		{763D4A0B-0A35-43E5-8933-AB70BD8B83DB}.Debug|Any CPU.Build.0 = Debug|Any CPU
		{763D4A0B-0A35-43E5-8933-AB70BD8B83DB}.Release|Any CPU.ActiveCfg = Release|Any CPU
		{763D4A0B-0A35-43E5-8933-AB70BD8B83DB}.Release|Any CPU.Build.0 = Release|Any CPU
		{794492C3-FD05-401D-AA25-CC5EB6124EA6}.Debug|Any CPU.ActiveCfg = Debug|Any CPU
		{794492C3-FD05-401D-AA25-CC5EB6124EA6}.Debug|Any CPU.Build.0 = Debug|Any CPU
		{794492C3-FD05-401D-AA25-CC5EB6124EA6}.Release|Any CPU.ActiveCfg = Release|Any CPU
		{794492C3-FD05-401D-AA25-CC5EB6124EA6}.Release|Any CPU.Build.0 = Release|Any CPU
		{659B4719-BDBA-4CDA-AF7A-121E9EAA4488}.Debug|Any CPU.ActiveCfg = Debug|Any CPU
		{659B4719-BDBA-4CDA-AF7A-121E9EAA4488}.Debug|Any CPU.Build.0 = Debug|Any CPU
		{659B4719-BDBA-4CDA-AF7A-121E9EAA4488}.Release|Any CPU.ActiveCfg = Release|Any CPU
		{659B4719-BDBA-4CDA-AF7A-121E9EAA4488}.Release|Any CPU.Build.0 = Release|Any CPU
		{F79F6C25-FC51-47CD-9BCE-BA0518F34692}.Debug|Any CPU.ActiveCfg = Debug|Any CPU
		{F79F6C25-FC51-47CD-9BCE-BA0518F34692}.Debug|Any CPU.Build.0 = Debug|Any CPU
		{F79F6C25-FC51-47CD-9BCE-BA0518F34692}.Release|Any CPU.ActiveCfg = Release|Any CPU
		{F79F6C25-FC51-47CD-9BCE-BA0518F34692}.Release|Any CPU.Build.0 = Release|Any CPU
		{BF7C629A-0BC0-4819-8C62-1FA5B26369F5}.Debug|Any CPU.ActiveCfg = Debug|Any CPU
		{BF7C629A-0BC0-4819-8C62-1FA5B26369F5}.Debug|Any CPU.Build.0 = Debug|Any CPU
		{BF7C629A-0BC0-4819-8C62-1FA5B26369F5}.Release|Any CPU.ActiveCfg = Release|Any CPU
		{BF7C629A-0BC0-4819-8C62-1FA5B26369F5}.Release|Any CPU.Build.0 = Release|Any CPU
		{DDE659F2-F5BB-488C-9538-91DDA3153594}.Debug|Any CPU.ActiveCfg = Debug|Any CPU
		{DDE659F2-F5BB-488C-9538-91DDA3153594}.Debug|Any CPU.Build.0 = Debug|Any CPU
		{DDE659F2-F5BB-488C-9538-91DDA3153594}.Release|Any CPU.ActiveCfg = Release|Any CPU
		{DDE659F2-F5BB-488C-9538-91DDA3153594}.Release|Any CPU.Build.0 = Release|Any CPU
		{AACD17D1-4008-4E22-8CAA-FF9D6DD56CE5}.Debug|Any CPU.ActiveCfg = Debug|Any CPU
		{AACD17D1-4008-4E22-8CAA-FF9D6DD56CE5}.Debug|Any CPU.Build.0 = Debug|Any CPU
		{AACD17D1-4008-4E22-8CAA-FF9D6DD56CE5}.Release|Any CPU.ActiveCfg = Release|Any CPU
		{AACD17D1-4008-4E22-8CAA-FF9D6DD56CE5}.Release|Any CPU.Build.0 = Release|Any CPU
		{36C355AC-A700-4EC8-BD0B-6301E7A79862}.Debug|Any CPU.ActiveCfg = Debug|Any CPU
		{36C355AC-A700-4EC8-BD0B-6301E7A79862}.Debug|Any CPU.Build.0 = Debug|Any CPU
		{36C355AC-A700-4EC8-BD0B-6301E7A79862}.Release|Any CPU.ActiveCfg = Release|Any CPU
		{36C355AC-A700-4EC8-BD0B-6301E7A79862}.Release|Any CPU.Build.0 = Release|Any CPU
		{F215B7F1-E63C-4189-8F2F-73A664C4CDF5}.Debug|Any CPU.ActiveCfg = Debug|Any CPU
		{F215B7F1-E63C-4189-8F2F-73A664C4CDF5}.Debug|Any CPU.Build.0 = Debug|Any CPU
		{F215B7F1-E63C-4189-8F2F-73A664C4CDF5}.Release|Any CPU.ActiveCfg = Release|Any CPU
		{F215B7F1-E63C-4189-8F2F-73A664C4CDF5}.Release|Any CPU.Build.0 = Release|Any CPU
		{072B3C8B-0EEA-42A0-8D40-54F0A380645F}.Debug|Any CPU.ActiveCfg = Debug|Any CPU
		{072B3C8B-0EEA-42A0-8D40-54F0A380645F}.Debug|Any CPU.Build.0 = Debug|Any CPU
		{072B3C8B-0EEA-42A0-8D40-54F0A380645F}.Release|Any CPU.ActiveCfg = Release|Any CPU
		{072B3C8B-0EEA-42A0-8D40-54F0A380645F}.Release|Any CPU.Build.0 = Release|Any CPU
		{1D6C55C0-4AC2-4B35-9CE5-0B3C540F1CF9}.Debug|Any CPU.ActiveCfg = Debug|Any CPU
		{1D6C55C0-4AC2-4B35-9CE5-0B3C540F1CF9}.Debug|Any CPU.Build.0 = Debug|Any CPU
		{1D6C55C0-4AC2-4B35-9CE5-0B3C540F1CF9}.Release|Any CPU.ActiveCfg = Release|Any CPU
		{1D6C55C0-4AC2-4B35-9CE5-0B3C540F1CF9}.Release|Any CPU.Build.0 = Release|Any CPU
		{522F8427-905E-4407-B4D9-301F71FFAF57}.Debug|Any CPU.ActiveCfg = Debug|Any CPU
		{522F8427-905E-4407-B4D9-301F71FFAF57}.Debug|Any CPU.Build.0 = Debug|Any CPU
		{522F8427-905E-4407-B4D9-301F71FFAF57}.Release|Any CPU.ActiveCfg = Release|Any CPU
		{522F8427-905E-4407-B4D9-301F71FFAF57}.Release|Any CPU.Build.0 = Release|Any CPU
		{41598B9F-86B3-4929-8AAF-F5046ADB0CF4}.Debug|Any CPU.ActiveCfg = Debug|Any CPU
		{41598B9F-86B3-4929-8AAF-F5046ADB0CF4}.Debug|Any CPU.Build.0 = Debug|Any CPU
		{41598B9F-86B3-4929-8AAF-F5046ADB0CF4}.Release|Any CPU.ActiveCfg = Release|Any CPU
		{41598B9F-86B3-4929-8AAF-F5046ADB0CF4}.Release|Any CPU.Build.0 = Release|Any CPU
		{D9FE2C1E-A010-4F96-9535-3B6A30A9315F}.Debug|Any CPU.ActiveCfg = Debug|Any CPU
		{D9FE2C1E-A010-4F96-9535-3B6A30A9315F}.Debug|Any CPU.Build.0 = Debug|Any CPU
		{D9FE2C1E-A010-4F96-9535-3B6A30A9315F}.Release|Any CPU.ActiveCfg = Release|Any CPU
		{D9FE2C1E-A010-4F96-9535-3B6A30A9315F}.Release|Any CPU.Build.0 = Release|Any CPU
		{FF569D70-ADE1-4522-BE41-BAF3034E3289}.Debug|Any CPU.ActiveCfg = Debug|Any CPU
		{FF569D70-ADE1-4522-BE41-BAF3034E3289}.Debug|Any CPU.Build.0 = Debug|Any CPU
		{FF569D70-ADE1-4522-BE41-BAF3034E3289}.Release|Any CPU.ActiveCfg = Release|Any CPU
		{FF569D70-ADE1-4522-BE41-BAF3034E3289}.Release|Any CPU.Build.0 = Release|Any CPU
		{59BBB672-5DE6-46D9-AA30-C66A085BC2D0}.Debug|Any CPU.ActiveCfg = Debug|Any CPU
		{59BBB672-5DE6-46D9-AA30-C66A085BC2D0}.Debug|Any CPU.Build.0 = Debug|Any CPU
		{59BBB672-5DE6-46D9-AA30-C66A085BC2D0}.Release|Any CPU.ActiveCfg = Release|Any CPU
		{59BBB672-5DE6-46D9-AA30-C66A085BC2D0}.Release|Any CPU.Build.0 = Release|Any CPU
		{0C61D3F5-85E9-4300-BB2F-0B4A1105E74D}.Debug|Any CPU.ActiveCfg = Debug|Any CPU
		{0C61D3F5-85E9-4300-BB2F-0B4A1105E74D}.Debug|Any CPU.Build.0 = Debug|Any CPU
		{0C61D3F5-85E9-4300-BB2F-0B4A1105E74D}.Release|Any CPU.ActiveCfg = Release|Any CPU
		{0C61D3F5-85E9-4300-BB2F-0B4A1105E74D}.Release|Any CPU.Build.0 = Release|Any CPU
		{9BEC9B02-4732-4D4D-8EAB-5EA3D26CC0C5}.Debug|Any CPU.ActiveCfg = Debug|Any CPU
		{9BEC9B02-4732-4D4D-8EAB-5EA3D26CC0C5}.Debug|Any CPU.Build.0 = Debug|Any CPU
		{9BEC9B02-4732-4D4D-8EAB-5EA3D26CC0C5}.Release|Any CPU.ActiveCfg = Release|Any CPU
		{9BEC9B02-4732-4D4D-8EAB-5EA3D26CC0C5}.Release|Any CPU.Build.0 = Release|Any CPU
		{DEF588C2-D275-40F7-9BDB-44C624ECD75F}.Debug|Any CPU.ActiveCfg = Debug|Any CPU
		{DEF588C2-D275-40F7-9BDB-44C624ECD75F}.Debug|Any CPU.Build.0 = Debug|Any CPU
		{DEF588C2-D275-40F7-9BDB-44C624ECD75F}.Release|Any CPU.ActiveCfg = Release|Any CPU
		{DEF588C2-D275-40F7-9BDB-44C624ECD75F}.Release|Any CPU.Build.0 = Release|Any CPU
		{0F2AE179-901E-4D69-9F6B-7D2F10295D80}.Debug|Any CPU.ActiveCfg = Debug|Any CPU
		{0F2AE179-901E-4D69-9F6B-7D2F10295D80}.Debug|Any CPU.Build.0 = Debug|Any CPU
		{0F2AE179-901E-4D69-9F6B-7D2F10295D80}.Release|Any CPU.ActiveCfg = Release|Any CPU
		{0F2AE179-901E-4D69-9F6B-7D2F10295D80}.Release|Any CPU.Build.0 = Release|Any CPU
	EndGlobalSection
	GlobalSection(SolutionProperties) = preSolution
		HideSolutionNode = FALSE
	EndGlobalSection
	GlobalSection(NestedProjects) = preSolution
		{FB742633-A63E-422B-8EF3-B168E8DC07E8} = {B2DACA48-4335-4C4E-B890-1B96BEA9DAC6}
		{A1AC4679-C096-44E4-8492-0D3C8648B7F1} = {B2DACA48-4335-4C4E-B890-1B96BEA9DAC6}
		{CA188C77-724D-48C0-8D8D-D69C584FE52E} = {A1AC4679-C096-44E4-8492-0D3C8648B7F1}
		{0DCD142F-7F51-47ED-B936-2997652BD880} = {FB742633-A63E-422B-8EF3-B168E8DC07E8}
		{F38886A9-5604-4817-A950-471655CFD422} = {CA188C77-724D-48C0-8D8D-D69C584FE52E}
		{DF18552E-C93E-402B-BDD2-539453F8FB51} = {CA188C77-724D-48C0-8D8D-D69C584FE52E}
		{570672A9-7C14-4C54-8648-A668CA824A4E} = {CA188C77-724D-48C0-8D8D-D69C584FE52E}
		{A820396E-3E7D-4B59-B6A6-2E1A296803C7} = {CA188C77-724D-48C0-8D8D-D69C584FE52E}
		{FBC892B9-5F34-413A-BF07-302D80796BE4} = {B2DACA48-4335-4C4E-B890-1B96BEA9DAC6}
		{39B97400-E51F-48D6-9253-0A70A70F2DDC} = {FBC892B9-5F34-413A-BF07-302D80796BE4}
		{F9C94913-8FC7-4F20-A016-A1A6692AFA1B} = {FBC892B9-5F34-413A-BF07-302D80796BE4}
		{10E763D4-66BE-43DF-93FF-35A9D173041E} = {FBC892B9-5F34-413A-BF07-302D80796BE4}
		{B3847306-BD99-4ADD-A6BD-C7137AE84A1F} = {FBC892B9-5F34-413A-BF07-302D80796BE4}
		{BDB426D0-E303-4F85-9D37-E986D48F1BC5} = {A1AC4679-C096-44E4-8492-0D3C8648B7F1}
		{AA1167C1-9405-4BC8-8FBA-7CB6768D0EBC} = {BDB426D0-E303-4F85-9D37-E986D48F1BC5}
		{C5CB4FBC-009C-49E9-9DA4-024881D2C9D2} = {BDB426D0-E303-4F85-9D37-E986D48F1BC5}
		{1B8F5F53-6B63-43CF-9AAF-3E2E263AC693} = {BDB426D0-E303-4F85-9D37-E986D48F1BC5}
		{B55AA2E3-C02E-4445-8D05-BDE49E991736} = {BDB426D0-E303-4F85-9D37-E986D48F1BC5}
		{A05C232B-CAE8-4328-8B55-D680DD579632} = {A1AC4679-C096-44E4-8492-0D3C8648B7F1}
		{1FD3C7A4-6E54-40CE-91EB-AE165A7E0A7C} = {A05C232B-CAE8-4328-8B55-D680DD579632}
		{0680FABA-3355-4000-A37B-E75A23F213A8} = {A05C232B-CAE8-4328-8B55-D680DD579632}
		{5ADA909D-1EA4-4E57-9E42-175973AEBE9E} = {A05C232B-CAE8-4328-8B55-D680DD579632}
		{C0B41E14-6B5A-4488-9C3C-E415EFCF55AB} = {A05C232B-CAE8-4328-8B55-D680DD579632}
		{BA35855C-A7CE-4D74-B59B-6E7855917B1E} = {BDB426D0-E303-4F85-9D37-E986D48F1BC5}
		{8B194E0D-6CA4-4DC5-A80C-0157C76DC7B2} = {A1AC4679-C096-44E4-8492-0D3C8648B7F1}
		{5ED97DF2-5D73-4C20-9B35-10DA5F67FD40} = {8B194E0D-6CA4-4DC5-A80C-0157C76DC7B2}
		{5ADF7F45-E7D8-4CA9-A732-2D9232E598F7} = {8B194E0D-6CA4-4DC5-A80C-0157C76DC7B2}
		{6685115F-B407-4392-A6D0-375C102A0755} = {8B194E0D-6CA4-4DC5-A80C-0157C76DC7B2}
		{763D4A0B-0A35-43E5-8933-AB70BD8B83DB} = {8B194E0D-6CA4-4DC5-A80C-0157C76DC7B2}
		{794492C3-FD05-401D-AA25-CC5EB6124EA6} = {8B194E0D-6CA4-4DC5-A80C-0157C76DC7B2}
		{659B4719-BDBA-4CDA-AF7A-121E9EAA4488} = {CA188C77-724D-48C0-8D8D-D69C584FE52E}
		{F79F6C25-FC51-47CD-9BCE-BA0518F34692} = {A05C232B-CAE8-4328-8B55-D680DD579632}
		{BF7C629A-0BC0-4819-8C62-1FA5B26369F5} = {60E1F3B8-2C83-4D67-9E2F-862B970A5CC3}
		{8D20FD43-EE8C-449C-921E-71BF4FD80701} = {BDB426D0-E303-4F85-9D37-E986D48F1BC5}
		{DDE659F2-F5BB-488C-9538-91DDA3153594} = {8D20FD43-EE8C-449C-921E-71BF4FD80701}
		{6566793E-D9BD-41B4-B8B0-C1AFE7E6610B} = {A05C232B-CAE8-4328-8B55-D680DD579632}
		{AACD17D1-4008-4E22-8CAA-FF9D6DD56CE5} = {6566793E-D9BD-41B4-B8B0-C1AFE7E6610B}
		{69DD9333-F1C3-427D-887F-DAC6A8912964} = {CA188C77-724D-48C0-8D8D-D69C584FE52E}
		{36C355AC-A700-4EC8-BD0B-6301E7A79862} = {69DD9333-F1C3-427D-887F-DAC6A8912964}
		{E3F8257A-C2C4-4C46-A7D9-EA8137BF0045} = {8B194E0D-6CA4-4DC5-A80C-0157C76DC7B2}
		{F215B7F1-E63C-4189-8F2F-73A664C4CDF5} = {E3F8257A-C2C4-4C46-A7D9-EA8137BF0045}
		{072B3C8B-0EEA-42A0-8D40-54F0A380645F} = {69DD9333-F1C3-427D-887F-DAC6A8912964}
		{1D6C55C0-4AC2-4B35-9CE5-0B3C540F1CF9} = {8D20FD43-EE8C-449C-921E-71BF4FD80701}
		{522F8427-905E-4407-B4D9-301F71FFAF57} = {60E1F3B8-2C83-4D67-9E2F-862B970A5CC3}
		{41598B9F-86B3-4929-8AAF-F5046ADB0CF4} = {8D20FD43-EE8C-449C-921E-71BF4FD80701}
		{D9FE2C1E-A010-4F96-9535-3B6A30A9315F} = {6566793E-D9BD-41B4-B8B0-C1AFE7E6610B}
		{FF569D70-ADE1-4522-BE41-BAF3034E3289} = {6566793E-D9BD-41B4-B8B0-C1AFE7E6610B}
		{59BBB672-5DE6-46D9-AA30-C66A085BC2D0} = {69DD9333-F1C3-427D-887F-DAC6A8912964}
		{0C61D3F5-85E9-4300-BB2F-0B4A1105E74D} = {E3F8257A-C2C4-4C46-A7D9-EA8137BF0045}
		{9BEC9B02-4732-4D4D-8EAB-5EA3D26CC0C5} = {E3F8257A-C2C4-4C46-A7D9-EA8137BF0045}
		{DEF588C2-D275-40F7-9BDB-44C624ECD75F} = {FB742633-A63E-422B-8EF3-B168E8DC07E8}
		{0F2AE179-901E-4D69-9F6B-7D2F10295D80} = {FB742633-A63E-422B-8EF3-B168E8DC07E8}
	EndGlobalSection
	GlobalSection(ExtensibilityGlobals) = postSolution
		SolutionGuid = {1E42AE86-7F3C-45F4-A386-AB71CC4446CB}
	EndGlobalSection
EndGlobal
